
Microsoft Visual Studio Solution File, Format Version 12.00
# Visual Studio Version 17
VisualStudioVersion = 17.10.35027.167
MinimumVisualStudioVersion = 10.0.40219.1
Project("{9A19103F-16F7-4668-BE54-9A1E7A4F7556}") = "Entities", "Entities\Entities.csproj", "{645E15EA-85FF-4D1D-B0C9-C852F9AD92BD}"
EndProject
Project("{9A19103F-16F7-4668-BE54-9A1E7A4F7556}") = "DataAccess", "DataAccess\DataAccess.csproj", "{38321692-C4C4-4873-AE1D-E48BE9B3120A}"
EndProject
Project("{9A19103F-16F7-4668-BE54-9A1E7A4F7556}") = "Business", "Business\Business.csproj", "{FB43DAB1-C647-4EF2-BDA7-D66E19FEF3AF}"
EndProject
Project("{9A19103F-16F7-4668-BE54-9A1E7A4F7556}") = "ConsoleUI", "ConsoleUI\ConsoleUI.csproj", "{5ACE7F9B-6D3C-426F-A618-43D5583F55CC}"
EndProject
Project("{9A19103F-16F7-4668-BE54-9A1E7A4F7556}") = "Core", "Core\Core.csproj", "{CF8A641C-1C6A-4043-8BE3-2E7EF185A499}"
EndProject
Project("{FAE04EC0-301F-11D3-BF4B-00C04F79EFBC}") = "WebAPI", "WebAPI\WebAPI.csproj", "{2050789F-D21E-476F-8AE6-2FC0EE44FA0E}"
EndProject
Global
	GlobalSection(SolutionConfigurationPlatforms) = preSolution
		Debug|Any CPU = Debug|Any CPU
		Release|Any CPU = Release|Any CPU
	EndGlobalSection
	GlobalSection(ProjectConfigurationPlatforms) = postSolution
		{645E15EA-85FF-4D1D-B0C9-C852F9AD92BD}.Debug|Any CPU.ActiveCfg = Debug|Any CPU
		{645E15EA-85FF-4D1D-B0C9-C852F9AD92BD}.Debug|Any CPU.Build.0 = Debug|Any CPU
		{645E15EA-85FF-4D1D-B0C9-C852F9AD92BD}.Release|Any CPU.ActiveCfg = Release|Any CPU
		{645E15EA-85FF-4D1D-B0C9-C852F9AD92BD}.Release|Any CPU.Build.0 = Release|Any CPU
		{38321692-C4C4-4873-AE1D-E48BE9B3120A}.Debug|Any CPU.ActiveCfg = Debug|Any CPU
		{38321692-C4C4-4873-AE1D-E48BE9B3120A}.Debug|Any CPU.Build.0 = Debug|Any CPU
		{38321692-C4C4-4873-AE1D-E48BE9B3120A}.Release|Any CPU.ActiveCfg = Release|Any CPU
		{38321692-C4C4-4873-AE1D-E48BE9B3120A}.Release|Any CPU.Build.0 = Release|Any CPU
		{FB43DAB1-C647-4EF2-BDA7-D66E19FEF3AF}.Debug|Any CPU.ActiveCfg = Debug|Any CPU
		{FB43DAB1-C647-4EF2-BDA7-D66E19FEF3AF}.Debug|Any CPU.Build.0 = Debug|Any CPU
		{FB43DAB1-C647-4EF2-BDA7-D66E19FEF3AF}.Release|Any CPU.ActiveCfg = Release|Any CPU
		{FB43DAB1-C647-4EF2-BDA7-D66E19FEF3AF}.Release|Any CPU.Build.0 = Release|Any CPU
		{5ACE7F9B-6D3C-426F-A618-43D5583F55CC}.Debug|Any CPU.ActiveCfg = Debug|Any CPU
		{5ACE7F9B-6D3C-426F-A618-43D5583F55CC}.Debug|Any CPU.Build.0 = Debug|Any CPU
		{5ACE7F9B-6D3C-426F-A618-43D5583F55CC}.Release|Any CPU.ActiveCfg = Release|Any CPU
		{5ACE7F9B-6D3C-426F-A618-43D5583F55CC}.Release|Any CPU.Build.0 = Release|Any CPU
		{CF8A641C-1C6A-4043-8BE3-2E7EF185A499}.Debug|Any CPU.ActiveCfg = Debug|Any CPU
		{CF8A641C-1C6A-4043-8BE3-2E7EF185A499}.Debug|Any CPU.Build.0 = Debug|Any CPU
		{CF8A641C-1C6A-4043-8BE3-2E7EF185A499}.Release|Any CPU.ActiveCfg = Release|Any CPU
		{CF8A641C-1C6A-4043-8BE3-2E7EF185A499}.Release|Any CPU.Build.0 = Release|Any CPU
		{2050789F-D21E-476F-8AE6-2FC0EE44FA0E}.Debug|Any CPU.ActiveCfg = Debug|Any CPU
		{2050789F-D21E-476F-8AE6-2FC0EE44FA0E}.Debug|Any CPU.Build.0 = Debug|Any CPU
		{2050789F-D21E-476F-8AE6-2FC0EE44FA0E}.Release|Any CPU.ActiveCfg = Release|Any CPU
		{2050789F-D21E-476F-8AE6-2FC0EE44FA0E}.Release|Any CPU.Build.0 = Release|Any CPU
	EndGlobalSection
	GlobalSection(SolutionProperties) = preSolution
		HideSolutionNode = FALSE
	EndGlobalSection
	GlobalSection(ExtensibilityGlobals) = postSolution
		SolutionGuid = {D9280F7E-57A4-48FD-9288-216D88364E73}
	EndGlobalSection
EndGlobal
